
Microsoft Visual Studio Solution File, Format Version 12.00
# Visual Studio Version 16
VisualStudioVersion = 16.0.30907.101
MinimumVisualStudioVersion = 10.0.40219.1
Project("{FAE04EC0-301F-11D3-BF4B-00C04F79EFBC}") = "TestServer", "TestServer\TestServer.csproj", "{B0084746-2F55-4D93-9C38-CAD4F0C27589}"
EndProject
Project("{9A19103F-16F7-4668-BE54-9A1E7A4F7556}") = "MyMessageProtocol", "MyMessageProtocol\MyMessageProtocol.csproj", "{EAC49C07-B0CD-4880-A89D-91485B0A11A5}"
EndProject
Global
	GlobalSection(SolutionConfigurationPlatforms) = preSolution
		Debug|Any CPU = Debug|Any CPU
		Release|Any CPU = Release|Any CPU
	EndGlobalSection
	GlobalSection(ProjectConfigurationPlatforms) = postSolution
		{B0084746-2F55-4D93-9C38-CAD4F0C27589}.Debug|Any CPU.ActiveCfg = Debug|Any CPU
		{B0084746-2F55-4D93-9C38-CAD4F0C27589}.Debug|Any CPU.Build.0 = Debug|Any CPU
		{B0084746-2F55-4D93-9C38-CAD4F0C27589}.Release|Any CPU.ActiveCfg = Release|Any CPU
		{B0084746-2F55-4D93-9C38-CAD4F0C27589}.Release|Any CPU.Build.0 = Release|Any CPU
		{EAC49C07-B0CD-4880-A89D-91485B0A11A5}.Debug|Any CPU.ActiveCfg = Debug|Any CPU
		{EAC49C07-B0CD-4880-A89D-91485B0A11A5}.Debug|Any CPU.Build.0 = Debug|Any CPU
		{EAC49C07-B0CD-4880-A89D-91485B0A11A5}.Release|Any CPU.ActiveCfg = Release|Any CPU
		{EAC49C07-B0CD-4880-A89D-91485B0A11A5}.Release|Any CPU.Build.0 = Release|Any CPU
	EndGlobalSection
	GlobalSection(SolutionProperties) = preSolution
		HideSolutionNode = FALSE
	EndGlobalSection
	GlobalSection(ExtensibilityGlobals) = postSolution
		SolutionGuid = {3D695919-1C0F-4FF4-BEB5-E1D0782AFB0B}
	EndGlobalSection
EndGlobal
